Microsoft Visual Studio Solution File, Format Version 12.00
# Visual Studio Version 17
VisualStudioVersion = 17.5.2.0
MinimumVisualStudioVersion = 10.0.40219.1
Project("{FAE04EC0-301F-11D3-BF4B-00C04F79EFBC}") = "Decompiler", "Decompiler.csproj", "{F4E53A49-98F4-CFCD-5656-FD055410C11B}"
EndProject
Global
	GlobalSection(SolutionConfigurationPlatforms) = preSolution
		Debug|Any CPU = Debug|Any CPU
		Release|Any CPU = Release|Any CPU
	EndGlobalSection
	GlobalSection(ProjectConfigurationPlatforms) = postSolution
		{F4E53A49-98F4-CFCD-5656-FD055410C11B}.Debug|Any CPU.ActiveCfg = Debug|Any CPU
		{F4E53A49-98F4-CFCD-5656-FD055410C11B}.Debug|Any CPU.Build.0 = Debug|Any CPU
		{F4E53A49-98F4-CFCD-5656-FD055410C11B}.Release|Any CPU.ActiveCfg = Release|Any CPU
		{F4E53A49-98F4-CFCD-5656-FD055410C11B}.Release|Any CPU.Build.0 = Release|Any CPU
	EndGlobalSection
	GlobalSection(SolutionProperties) = preSolution
		HideSolutionNode = FALSE
	EndGlobalSection
	GlobalSection(ExtensibilityGlobals) = postSolution
		SolutionGuid = {155B717E-BE02-4C54-8970-04D7A0E1A6C5}
	EndGlobalSection
EndGlobal
